github.com/burgrp/bleriot/lib v1.2.0 h1:ZAgPg+282r3t7OAy2GZylQso5ZEcIkRa00hIyEf927Y=
github.com/burgrp/bleriot/lib v1.2.0/go.mod h1:Do+CgWfcILSdK8gXl9ZQEJ/7Ia47W9Fj1K85z022wZg=
github.com/burgrp/reg v1.0.12 h1:HwIoFrv06NBaJxZuyOIGHtwQ/MX7K4EJnEZm+fGAnz4=
github.com/burgrp/reg v1.0.12/go.mod h1:hvDI6sL/cvfcOCCA+reXCe8T6eMgqAJxj7OClXq99zw=
github.com/burgrp/tinygo-drivers/bb/spi v1.0.0 h1:vJg7NLwEL7Dlqln6lH3Zfid/7o7qDLC+lnY/XD4YU5Y=
github.com/burgrp/tinygo-drivers/bb/spi v1.0.0/go.mod h1:ryUKCGYUQUGbb+z/OsbomhY+CdFnDk4x2EpeK06xc8Q=
github.com/burgrp/tinygo-drivers/pan211x v1.0.0 h1:4Y9NQBapSEHkDa0+qS5aXzcUy5E+RhQJPo9JV1oxWjc=
github.com/burgrp/tinygo-drivers/pan211x v1.0.0/go.mod h1:TEGCo2HQXxFmH7uD019FVPzgT/EA/XplevJrSjKRiQ8=
github.com/cpuguy83/go-md2man/v2 v2.0.6/go.mod h1:oOW0eioCTA6cOiMLiUPZOpcVxMig6NIQQ7OS05n1F4g=
github.com/inconshreveable/mousetrap v1.1.0 h1:wN+x4NVGpMsO7ErUn/mUI3vEoE6Jt13X2s0bqwp9tc8=
github.com/inconshreveable/mousetrap v1.1.0/go.mod h1:vpF70FUmC8bwa3OWnCshd2FqLfsEA9PFc4w1p2J65bw=
github.com/lmittmann/tint v1.1.3 h1:Hv4EaHWXQr+GTFnOU4VKf8UvAtZgn0VuKT+G0wFlO3I=
github.com/lmittmann/tint v1.1.3/go.mod h1:HIS3gSy7qNwGCj+5oRjAutErFBl4BzdQP6cJZ0NfMwE=
github.com/russross/blackfriday/v2 v2.1.0/go.mod h1:+Rmxgy9KzJVeS9/2gXHxylqXiyQDYRxCVz55jmeOWTM=
github.com/spf13/cobra v1.10.2 h1:DMTTonx5m65Ic0GOoRY2c16WCbHxOOw6xxezuLaBpcU=
github.com/spf13/cobra v1.10.2/go.mod h1:7C1pvHqHw5A4vrJfjNwvOdzYu0Gml16OCs2GRiTUUS4=
github.com/spf13/pflag v1.0.9 h1:9exaQaMOCwffKiiiYk6/BndUBv+iRViNW+4lEMi0PvY=
github.com/spf13/pflag v1.0.9/go.mod h1:McXfInJRrz4CZXVZOBLb0bTZqETkiAhM9Iw0y3An2Bg=
go.yaml.in/yaml/v3 v3.0.4/go.mod h1:DhzuOOF2ATzADvBadXxruRBLzYTpT36CKvDb3+aBEFg=
gopkg.in/check.v1 v0.0.0-20161208181325-20d25e280405/go.mod h1:Co6ibVJAznAaIkqp8huTwlJQCZ016jof/cbN4VW5Yz0=
